
Microsoft Visual Studio Solution File, Format Version 12.00
# Visual Studio 15
VisualStudioVersion = 15.0.28307.102
MinimumVisualStudioVersion = 10.0.40219.1
Project("{FAE04EC0-301F-11D3-BF4B-00C04F79EFBC}") = "Welcome_prog", "Welcome_prog\Welcome_prog.csproj", "{859571ED-48E5-45A3-BAE4-CECC08791A8B}"
EndProject
Global
	GlobalSection(SolutionConfigurationPlatforms) = preSolution
		Debug|Any CPU = Debug|Any CPU
		Release|Any CPU = Release|Any CPU
	EndGlobalSection
	GlobalSection(ProjectConfigurationPlatforms) = postSolution
		{859571ED-48E5-45A3-BAE4-CECC08791A8B}.Debug|Any CPU.ActiveCfg = Debug|Any CPU
		{859571ED-48E5-45A3-BAE4-CECC08791A8B}.Debug|Any CPU.Build.0 = Debug|Any CPU
		{859571ED-48E5-45A3-BAE4-CECC08791A8B}.Release|Any CPU.ActiveCfg = Release|Any CPU
		{859571ED-48E5-45A3-BAE4-CECC08791A8B}.Release|Any CPU.Build.0 = Release|Any CPU
	EndGlobalSection
	GlobalSection(SolutionProperties) = preSolution
		HideSolutionNode = FALSE
	EndGlobalSection
	GlobalSection(ExtensibilityGlobals) = postSolution
		SolutionGuid = {7CBAEDA2-3359-41E7-86EC-2D3C76E1FE6F}
	EndGlobalSection
EndGlobal
